// !$*UTF8*$!
{
	archiveVersion = 1;
	classes = {
	};
	objectVersion = 46;
	objects = {

/* Begin PBXBuildFile section */
		3B6F083B1B4E694200CD909B /* main.m in Sources */ = {isa = PBXBuildFile; fileRef = 3B6F083A1B4E694200CD909B /* main.m */; };
		3B6F083E1B4E694200CD909B /* AppDelegate.m in Sources */ = {isa = PBXBuildFile; fileRef = 3B6F083D1B4E694200CD909B /* AppDelegate.m */; };
		3B6F08411B4E694200CD909B /* ViewController.m in Sources */ = {isa = PBXBuildFile; fileRef = 3B6F08401B4E694200CD909B /* ViewController.m */; };
		3B6F08441B4E694200CD909B /* Main.storyboard in Resources */ = {isa = PBXBuildFile; fileRef = 3B6F08421B4E694200CD909B /* Main.storyboard */; };
		3B6F08461B4E694200CD909B /* Images.xcassets in Resources */ = {isa = PBXBuildFile; fileRef = 3B6F08451B4E694200CD909B /* Images.xcassets */; };
		3B6F08491B4E694200CD909B /* LaunchScreen.xib in Resources */ = {isa = PBXBuildFile; fileRef = 3B6F08471B4E694200CD909B /* LaunchScreen.xib */; };
		3B6F08551B4E694200CD909B /* BZLotteryTests.m in Sources */ = {isa = PBXBuildFile; fileRef = 3B6F08541B4E694200CD909B /* BZLotteryTests.m */; };
/* End PBXBuildFile section */

/* Begin PBXContainerItemProxy section */
		3B6F084F1B4E694200CD909B /* PBXContainerItemProxy */ = {
			isa = PBXContainerItemProxy;
			containerPortal = 3B6F082D1B4E694200CD909B /* Project object */;
			proxyType = 1;
			remoteGlobalIDString = 3B6F08341B4E694200CD909B;
			remoteInfo = BZLottery;
		};
/* End PBXContainerItemProxy section */

/* Begin PBXFileReference section */
		3B6F08351B4E694200CD909B /* BZLottery.app */ = {isa = PBXFileReference; explicitFileType = wrapper.application; includeInIndex = 0; path = BZLottery.app; sourceTree = BUILT_PRODUCTS_DIR; };
		3B6F08391B4E694200CD909B /* Info.plist */ = {isa = PBXFileReference; lastKnownFileType = text.plist.xml; path = Info.plist; sourceTree = "<group>"; };
		3B6F083A1B4E694200CD909B /* main.m */ = {isa = PBXFileReference; lastKnownFileType = sourcecode.c.objc; path = main.m; sourceTree = "<group>"; };
		3B6F083C1B4E694200CD909B /* AppDelegate.h */ = {isa = PBXFileReference; lastKnownFileType = sourcecode.c.h; path = AppDelegate.h; sourceTree = "<group>"; };
		3B6F083D1B4E694200CD909B /* AppDelegate.m */ = {isa = PBXFileReference; lastKnownFileType = sourcecode.c.objc; path = AppDelegate.m; sourceTree = "<group>"; };
		3B6F083F1B4E694200CD909B /* ViewController.h */ = {isa = PBXFileReference; lastKnownFileType = sourcecode.c.h; path = ViewController.h; sourceTree = "<group>"; };
		3B6F08401B4E694200CD909B /* ViewController.m */ = {isa = PBXFileReference; lastKnownFileType = sourcecode.c.objc; path = ViewController.m; sourceTree = "<group>"; };
		3B6F08431B4E694200CD909B /* Base */ = {isa = PBXFileReference; lastKnownFileType = file.storyboard; name = Base; path = Base.lproj/Main.storyboard; sourceTree = "<group>"; };
		3B6F08451B4E694200CD909B /* Images.xcassets */ = {isa = PBXFileReference; lastKnownFileType = folder.assetcatalog; path = Images.xcassets; sourceTree = "<group>"; };
		3B6F08481B4E694200CD909B /* Base */ = {isa = PBXFileReference; lastKnownFileType = file.xib; name = Base; path = Base.lproj/LaunchScreen.xib; sourceTree = "<group>"; };
		3B6F084E1B4E694200CD909B /* BZLotteryTests.xctest */ = {isa = PBXFileReference; explicitFileType = wrapper.cfbundle; includeInIndex = 0; path = BZLotteryTests.xctest; sourceTree = BUILT_PRODUCTS_DIR; };
		3B6F08531B4E694200CD909B /* Info.plist */ = {isa = PBXFileReference; lastKnownFileType = text.plist.xml; path = Info.plist; sourceTree = "<group>"; };
		3B6F08541B4E694200CD909B /* BZLotteryTests.m */ = {isa = PBXFileReference; lastKnownFileType = sourcecode.c.objc; path = BZLotteryTests.m; sourceTree = "<group>"; };
/* End PBXFileReference section */

/* Begin PBXFrameworksBuildPhase section */
		3B6F08321B4E694200CD909B /* Frameworks */ = {
			isa = PBXFrameworksBuildPhase;
			buildActionMask = 2147483647;
			files = (
			);
			runOnlyForDeploymentPostprocessing = 0;
		};
		3B6F084B1B4E694200CD909B /* Frameworks */ = {
			isa = PBXFrameworksBuildPhase;
			buildActionMask = 2147483647;
			files = (
			);
			runOnlyForDeploymentPostprocessing = 0;
		};
/* End PBXFrameworksBuildPhase section */

/* Begin PBXGroup section */
		3B6F082C1B4E694200CD909B = {
			isa = PBXGroup;
			children = (
				3B6F08371B4E694200CD909B /* BZLottery */,
				3B6F08511B4E694200CD909B /* BZLotteryTests */,
				3B6F08361B4E694200CD909B /* Products */,
			);
			sourceTree = "<group>";
		};
		3B6F08361B4E694200CD909B /* Products */ = {
			isa = PBXGroup;
			children = (
				3B6F08351B4E694200CD909B /* BZLottery.app */,
				3B6F084E1B4E694200CD909B /* BZLotteryTests.xctest */,
			);
			name = Products;
			sourceTree = "<group>";
		};
		3B6F08371B4E694200CD909B /* BZLottery */ = {
			isa = PBXGroup;
			children = (
				3B6F083C1B4E694200CD909B /* AppDelegate.h */,
				3B6F083D1B4E694200CD909B /* AppDelegate.m */,
				3B6F083F1B4E694200CD909B /* ViewController.h */,
				3B6F08401B4E694200CD909B /* ViewController.m */,
				3B6F08421B4E694200CD909B /* Main.storyboard */,
				3B6F08451B4E694200CD909B /* Images.xcassets */,
				3B6F08471B4E694200CD909B /* LaunchScreen.xib */,
				3B6F08381B4E694200CD909B /* Supporting Files */,
			);
			path = BZLottery;
			sourceTree = "<group>";
		};
		3B6F08381B4E694200CD909B /* Supporting Files */ = {
			isa = PBXGroup;
			children = (
				3B6F08391B4E694200CD909B /* Info.plist */,
				3B6F083A1B4E694200CD909B /* main.m */,
			);
			name = "Supporting Files";
			sourceTree = "<group>";
		};
		3B6F08511B4E694200CD909B /* BZLotteryTests */ = {
			isa = PBXGroup;
			children = (
				3B6F08541B4E694200CD909B /* BZLotteryTests.m */,
				3B6F08521B4E694200CD909B /* Supporting Files */,
			);
			path = BZLotteryTests;
			sourceTree = "<group>";
		};
		3B6F08521B4E694200CD909B /* Supporting Files */ = {
			isa = PBXGroup;
			children = (
				3B6F08531B4E694200CD909B /* Info.plist */,
			);
			name = "Supporting Files";
			sourceTree = "<group>";
		};
/* End PBXGroup section */

/* Begin PBXNativeTarget section */
		3B6F08341B4E694200CD909B /* BZLottery */ = {
			isa = PBXNativeTarget;
			buildConfigurationList = 3B6F08581B4E694200CD909B /* Build configuration list for PBXNativeTarget "BZLottery" */;
			buildPhases = (
				3B6F08311B4E694200CD909B /* Sources */,
				3B6F08321B4E694200CD909B /* Frameworks */,
				3B6F08331B4E694200CD909B /* Resources */,
			);
			buildRules = (
			);
			dependencies = (
			);
			name = BZLottery;
			productName = BZLottery;
			productReference = 3B6F08351B4E694200CD909B /* BZLottery.app */;
			productType = "com.apple.product-type.application";
		};
		3B6F084D1B4E694200CD909B /* BZLotteryTests */ = {
			isa = PBXNativeTarget;
			buildConfigurationList = 3B6F085B1B4E694200CD909B /* Build configuration list for PBXNativeTarget "BZLotteryTests" */;
			buildPhases = (
				3B6F084A1B4E694200CD909B /* Sources */,
				3B6F084B1B4E694200CD909B /* Frameworks */,
				3B6F084C1B4E694200CD909B /* Resources */,
			);
			buildRules = (
			);
			dependencies = (
				3B6F08501B4E694200CD909B /* PBXTargetDependency */,
			);
			name = BZLotteryTests;
			productName = BZLotteryTests;
			productReference = 3B6F084E1B4E694200CD909B /* BZLotteryTests.xctest */;
			productType = "com.apple.product-type.bundle.unit-test";
		};
/* End PBXNativeTarget section */

/* Begin PBXProject section */
		3B6F082D1B4E694200CD909B /* Project object */ = {
			isa = PBXProject;
			attributes = {
				LastUpgradeCheck = 0630;
				ORGANIZATIONNAME = BZ;
				TargetAttributes = {
					3B6F08341B4E694200CD909B = {
						CreatedOnToolsVersion = 6.3.1;
					};
					3B6F084D1B4E694200CD909B = {
						CreatedOnToolsVersion = 6.3.1;
						TestTargetID = 3B6F08341B4E694200CD909B;
					};
				};
			};
			buildConfigurationList = 3B6F08301B4E694200CD909B /* Build configuration list for PBXProject "BZLottery" */;
			compatibilityVersion = "Xcode 3.2";
			developmentRegion = English;
			hasScannedForEncodings = 0;
			knownRegions = (
				en,
				Base,
			);
			mainGroup = 3B6F082C1B4E694200CD909B;
			productRefGroup = 3B6F08361B4E694200CD909B /* Products */;
			projectDirPath = "";
			projectRoot = "";
			targets = (
				3B6F08341B4E694200CD909B /* BZLottery */,
				3B6F084D1B4E694200CD909B /* BZLotteryTests */,
			);
		};
/* End PBXProject section */

/* Begin PBXResourcesBuildPhase section */
		3B6F08331B4E694200CD909B /* Resources */ = {
			isa = PBXResourcesBuildPhase;
			buildActionMask = 2147483647;
			files = (
				3B6F08441B4E694200CD909B /* Main.storyboard in Resources */,
				3B6F08491B4E694200CD909B /* LaunchScreen.xib in Resources */,
				3B6F08461B4E694200CD909B /* Images.xcassets in Resources */,
			);
			runOnlyForDeploymentPostprocessing = 0;
		};
		3B6F084C1B4E694200CD909B /* Resources */ = {
			isa = PBXResourcesBuildPhase;
			buildActionMask = 2147483647;
			files = (
			);
			runOnlyForDeploymentPostprocessing = 0;
		};
/* End PBXResourcesBuildPhase section */

/* Begin PBXSourcesBuildPhase section */
		3B6F08311B4E694200CD909B /* Sources */ = {
			isa = PBXSourcesBuildPhase;
			buildActionMask = 2147483647;
			files = (
				3B6F08411B4E694200CD909B /* ViewController.m in Sources */,
				3B6F083E1B4E694200CD909B /* AppDelegate.m in Sources */,
				3B6F083B1B4E694200CD909B /* main.m in Sources */,
			);
			runOnlyForDeploymentPostprocessing = 0;
		};
		3B6F084A1B4E694200CD909B /* Sources */ = {
			isa = PBXSourcesBuildPhase;
			buildActionMask = 2147483647;
			files = (
				3B6F08551B4E694200CD909B /* BZLotteryTests.m in Sources */,
			);
			runOnlyForDeploymentPostprocessing = 0;
		};
/* End PBXSourcesBuildPhase section */

/* Begin PBXTargetDependency section */
		3B6F08501B4E694200CD909B /* PBXTargetDependency */ = {
			isa = PBXTargetDependency;
			target = 3B6F08341B4E694200CD909B /* BZLottery */;
			targetProxy = 3B6F084F1B4E694200CD909B /* PBXContainerItemProxy */;
		};
/* End PBXTargetDependency section */

/* Begin PBXVariantGroup section */
		3B6F08421B4E694200CD909B /* Main.storyboard */ = {
			isa = PBXVariantGroup;
			children = (
				3B6F08431B4E694200CD909B /* Base */,
			);
			name = Main.storyboard;
			sourceTree = "<group>";
		};
		3B6F08471B4E694200CD909B /* LaunchScreen.xib */ = {
			isa = PBXVariantGroup;
			children = (
				3B6F08481B4E694200CD909B /* Base */,
			);
			name = LaunchScreen.xib;
			sourceTree = "<group>";
		};
/* End PBXVariantGroup section */

/* Begin XCBuildConfiguration section */
		3B6F08561B4E694200CD909B /* Debug */ = {
			isa = XCBuildConfiguration;
			buildSettings = {
				ALWAYS_SEARCH_USER_PATHS = NO;
				CLANG_CXX_LANGUAGE_STANDARD = "gnu++0x";
				CLANG_CXX_LIBRARY = "libc++";
				CLANG_ENABLE_MODULES = YES;
				CLANG_ENABLE_OBJC_ARC = YES;
				CLANG_WARN_BOOL_CONVERSION = YES;
				CLANG_WARN_CONSTANT_CONVERSION = YES;
				CLANG_WARN_DIRECT_OBJC_ISA_USAGE = YES_ERROR;
				CLANG_WARN_EMPTY_BODY = YES;
				CLANG_WARN_ENUM_CONVERSION = YES;
				CLANG_WARN_INT_CONVERSION = YES;
				CLANG_WARN_OBJC_ROOT_CLASS = YES_ERROR;
				CLANG_WARN_UNREACHABLE_CODE = YES;
				CLANG_WARN__DUPLICATE_METHOD_MATCH = YES;
				"CODE_SIGN_IDENTITY[sdk=iphoneos*]" = "iPhone Developer";
				COPY_PHASE_STRIP = NO;
				DEBUG_INFORMATION_FORMAT = "dwarf-with-dsym";
				ENABLE_STRICT_OBJC_MSGSEND = YES;
				GCC_C_LANGUAGE_STANDARD = gnu99;
				GCC_DYNAMIC_NO_PIC = NO;
				GCC_NO_COMMON_BLOCKS = YES;
				GCC_OPTIMIZATION_LEVEL = 0;
				GCC_PREPROCESSOR_DEFINITIONS = (
					"DEBUG=1",
					"$(inherited)",
				);
				GCC_SYMBOLS_PRIVATE_EXTERN = NO;
				GCC_WARN_64_TO_32_BIT_CONVERSION = YES;
				GCC_WARN_ABOUT_RETURN_TYPE = YES_ERROR;
				GCC_WARN_UNDECLARED_SELECTOR = YES;
				GCC_WARN_UNINITIALIZED_AUTOS = YES_AGGRESSIVE;
				GCC_WARN_UNUSED_FUNCTION = YES;
				GCC_WARN_UNUSED_VARIABLE = YES;
				IPHONEOS_DEPLOYMENT_TARGET = 8.3;
				MTL_ENABLE_DEBUG_INFO = YES;
				ONLY_ACTIVE_ARCH = YES;
				SDKROOT = iphoneos;
			};
			name = Debug;
		};
		3B6F08571B4E694200CD909B /* Release */ = {
			isa = XCBuildConfiguration;
			buildSettings = {
				ALWAYS_SEARCH_USER_PATHS = NO;
				CLANG_CXX_LANGUAGE_STANDARD = "gnu++0x";
				CLANG_CXX_LIBRARY = "libc++";
				CLANG_ENABLE_MODULES = YES;
				CLANG_ENABLE_OBJC_ARC = YES;
				CLANG_WARN_BOOL_CONVERSION = YES;
				CLANG_WARN_CONSTANT_CONVERSION = YES;
				CLANG_WARN_DIRECT_OBJC_ISA_USAGE = YES_ERROR;
				CLANG_WARN_EMPTY_BODY = YES;
				CLANG_WARN_ENUM_CONVERSION = YES;
				CLANG_WARN_INT_CONVERSION = YES;
				CLANG_WARN_OBJC_ROOT_CLASS = YES_ERROR;
				CLANG_WARN_UNREACHABLE_CODE = YES;
				CLANG_WARN__DUPLICATE_METHOD_MATCH = YES;
				"CODE_SIGN_IDENTITY[sdk=iphoneos*]" = "iPhone Developer";
				COPY_PHASE_STRIP = NO;
				DEBUG_INFORMATION_FORMAT = "dwarf-with-dsym";
				ENABLE_NS_ASSERTIONS = NO;
				ENABLE_STRICT_OBJC_MSGSEND = YES;
				GCC_C_LANGUAGE_STANDARD = gnu99;
				GCC_NO_COMMON_BLOCKS = YES;
				GCC_WARN_64_TO_32_BIT_CONVERSION = YES;
				GCC_WARN_ABOUT_RETURN_TYPE = YES_ERROR;
				GCC_WARN_UNDECLARED_SELECTOR = YES;
				GCC_WARN_UNINITIALIZED_AUTOS = YES_AGGRESSIVE;
				GCC_WARN_UNUSED_FUNCTION = YES;
				GCC_WARN_UNUSED_VARIABLE = YES;
				IPHONEOS_DEPLOYMENT_TARGET = 8.3;
				MTL_ENABLE_DEBUG_INFO = NO;
				SDKROOT = iphoneos;
				VALIDATE_PRODUCT = YES;
			};
			name = Release;
		};
		3B6F08591B4E694200CD909B /* Debug */ = {
			isa = XCBuildConfiguration;
			buildSettings = {
				ASSETCATALOG_COMPILER_APPICON_NAME = AppIcon;
				INFOPLIST_FILE = BZLottery/Info.plist;
				LD_RUNPATH_SEARCH_PATHS = "$(inherited) @executable_path/Frameworks";
				PRODUCT_NAME = "$(TARGET_NAME)";
			};
			name = Debug;
		};
		3B6F085A1B4E694200CD909B /* Release */ = {
			isa = XCBuildConfiguration;
			buildSettings = {
				ASSETCATALOG_COMPILER_APPICON_NAME = AppIcon;
				INFOPLIST_FILE = BZLottery/Info.plist;
				LD_RUNPATH_SEARCH_PATHS = "$(inherited) @executable_path/Frameworks";
				PRODUCT_NAME = "$(TARGET_NAME)";
			};
			name = Release;
		};
		3B6F085C1B4E694200CD909B /* Debug */ = {
			isa = XCBuildConfiguration;
			buildSettings = {
				BUNDLE_LOADER = "$(TEST_HOST)";
				FRAMEWORK_SEARCH_PATHS = (
					"$(SDKROOT)/Developer/Library/Frameworks",
					"$(inherited)",
				);
				GCC_PREPROCESSOR_DEFINITIONS = (
					"DEBUG=1",
					"$(inherited)",
				);
				INFOPLIST_FILE = BZLotteryTests/Info.plist;
				LD_RUNPATH_SEARCH_PATHS = "$(inherited) @executable_path/Frameworks @loader_path/Frameworks";
				PRODUCT_NAME = "$(TARGET_NAME)";
				TEST_HOST = "$(BUILT_PRODUCTS_DIR)/BZLottery.app/BZLottery";
			};
			name = Debug;
		};
		3B6F085D1B4E694200CD909B /* Release */ = {
			isa = XCBuildConfiguration;
			buildSettings = {
				BUNDLE_LOADER = "$(TEST_HOST)";
				FRAMEWORK_SEARCH_PATHS = (
					"$(SDKROOT)/Developer/Library/Frameworks",
					"$(inherited)",
				);
				INFOPLIST_FILE = BZLotteryTests/Info.plist;
				LD_RUNPATH_SEARCH_PATHS = "$(inherited) @executable_path/Frameworks @loader_path/Frameworks";
				PRODUCT_NAME = "$(TARGET_NAME)";
				TEST_HOST = "$(BUILT_PRODUCTS_DIR)/BZLottery.app/BZLottery";
			};
			name = Release;
		};
/* End XCBuildConfiguration section */

/* Begin XCConfigurationList section */
		3B6F08301B4E694200CD909B /* Build configuration list for PBXProject "BZLottery" */ = {
			isa = XCConfigurationList;
			buildConfigurations = (
				3B6F08561B4E694200CD909B /* Debug */,
				3B6F08571B4E694200CD909B /* Release */,
			);
			defaultConfigurationIsVisible = 0;
			defaultConfigurationName = Release;
		};
		3B6F08581B4E694200CD909B /* Build configuration list for PBXNativeTarget "BZLottery" */ = {
			isa = XCConfigurationList;
			buildConfigurations = (
				3B6F08591B4E694200CD909B /* Debug */,
				3B6F085A1B4E694200CD909B /* Release */,
			);
			defaultConfigurationIsVisible = 0;
		};
		3B6F085B1B4E694200CD909B /* Build configuration list for PBXNativeTarget "BZLotteryTests" */ = {
			isa = XCConfigurationList;
			buildConfigurations = (
				3B6F085C1B4E694200CD909B /* Debug */,
				3B6F085D1B4E694200CD909B /* Release */,
			);
			defaultConfigurationIsVisible = 0;
		};
/* End XCConfigurationList section */
	};
	rootObject = 3B6F082D1B4E694200CD909B /* Project object */;
}
